# This file is automatically @generated by Poetry 1.7.1 and should not be changed by hand.

[[package]]
name = "appdirs"
version = "1.4.4"
description = "A small Python module for determining appropriate platform-specific dirs, e.g. a \"user data dir\"."
optional = false
python-versions = "*"
files = [
    {file = "appdirs-1.4.4-py2.py3-none-any.whl", hash = "sha256:a841dacd6b99318a741b166adb07e19ee71a274450e68237b4650ca1055ab128"},
    {file = "appdirs-1.4.4.tar.gz", hash = "sha256:7d5d0167b2b1ba821647616af46a749d1c653740dd0d2415100fe26e27afdf41"},
]

[[package]]
name = "atomicwrites"
version = "1.4.0"
description = "Atomic file writes."
optional = false
python-versions = ">=2.7, !=3.0.*, !=3.1.*, !=3.2.*, !=3.3.*"
files = [
    {file = "atomicwrites-1.4.0-py2.py3-none-any.whl", hash = "sha256:6d1784dea7c0c8d4a5172b6c620f40b6e4cbfdf96d783691f2e1302a7b88e197"},
    {file = "atomicwrites-1.4.0.tar.gz", hash = "sha256:ae70396ad1a434f9c7046fd2dd196fc04b12f9e91ffb859164193be8b6168a7a"},
]

[[package]]
name = "attrs"
version = "19.3.0"
description = "Classes Without Boilerplate"
optional = false
python-versions = ">=2.7, !=3.0.*, !=3.1.*, !=3.2.*, !=3.3.*"
files = [
    {file = "attrs-19.3.0-py2.py3-none-any.whl", hash = "sha256:08a96c641c3a74e44eb59afb61a24f2cb9f4d7188748e76ba4bb5edfa3cb7d1c"},
    {file = "attrs-19.3.0.tar.gz", hash = "sha256:f7b7ce16570fe9965acd6d30101a28f62fb4a7f9e926b3bbc9b61f8b04247e72"},
]

[package.extras]
azure-pipelines = ["coverage", "hypothesis", "pympler", "pytest (>=4.3.0)", "pytest-azurepipelines", "six", "zope.interface"]
dev = ["coverage", "hypothesis", "pre-commit", "pympler", "pytest (>=4.3.0)", "six", "sphinx", "zope.interface"]
docs = ["sphinx", "zope.interface"]
tests = ["coverage", "hypothesis", "pympler", "pytest (>=4.3.0)", "six", "zope.interface"]

[[package]]
name = "black"
version = "24.3.0"
description = "The uncompromising code formatter."
optional = false
python-versions = ">=3.8"
files = [
    {file = "black-24.3.0-cp310-cp310-macosx_10_9_x86_64.whl", hash = "sha256:7d5e026f8da0322b5662fa7a8e752b3fa2dac1c1cbc213c3d7ff9bdd0ab12395"},
    {file = "black-24.3.0-cp310-cp310-macosx_11_0_arm64.whl", hash = "sha256:9f50ea1132e2189d8dff0115ab75b65590a3e97de1e143795adb4ce317934995"},
    {file = "black-24.3.0-cp310-cp310-manylinux_2_17_x86_64.manylinux2014_x86_64.whl", hash = "sha256:e2af80566f43c85f5797365077fb64a393861a3730bd110971ab7a0c94e873e7"},
    {file = "black-24.3.0-cp310-cp310-win_amd64.whl", hash = "sha256:4be5bb28e090456adfc1255e03967fb67ca846a03be7aadf6249096100ee32d0"},
    {file = "black-24.3.0-cp311-cp311-macosx_10_9_x86_64.whl", hash = "sha256:4f1373a7808a8f135b774039f61d59e4be7eb56b2513d3d2f02a8b9365b8a8a9"},
    {file = "black-24.3.0-cp311-cp311-macosx_11_0_arm64.whl", hash = "sha256:aadf7a02d947936ee418777e0247ea114f78aff0d0959461057cae8a04f20597"},
    {file = "black-24.3.0-cp311-cp311-manylinux_2_17_x86_64.manylinux2014_x86_64.whl", hash = "sha256:65c02e4ea2ae09d16314d30912a58ada9a5c4fdfedf9512d23326128ac08ac3d"},
    {file = "black-24.3.0-cp311-cp311-win_amd64.whl", hash = "sha256:bf21b7b230718a5f08bd32d5e4f1db7fc8788345c8aea1d155fc17852b3410f5"},
    {file = "black-24.3.0-cp312-cp312-macosx_10_9_x86_64.whl", hash = "sha256:2818cf72dfd5d289e48f37ccfa08b460bf469e67fb7c4abb07edc2e9f16fb63f"},
    {file = "black-24.3.0-cp312-cp312-macosx_11_0_arm64.whl", hash = "sha256:4acf672def7eb1725f41f38bf6bf425c8237248bb0804faa3965c036f7672d11"},
    {file = "black-24.3.0-cp312-cp312-manylinux_2_17_x86_64.manylinux2014_x86_64.whl", hash = "sha256:c7ed6668cbbfcd231fa0dc1b137d3e40c04c7f786e626b405c62bcd5db5857e4"},
    {file = "black-24.3.0-cp312-cp312-win_amd64.whl", hash = "sha256:56f52cfbd3dabe2798d76dbdd299faa046a901041faf2cf33288bc4e6dae57b5"},
    {file = "black-24.3.0-cp38-cp38-macosx_10_9_x86_64.whl", hash = "sha256:79dcf34b33e38ed1b17434693763301d7ccbd1c5860674a8f871bd15139e7837"},
    {file = "black-24.3.0-cp38-cp38-macosx_11_0_arm64.whl", hash = "sha256:e19cb1c6365fd6dc38a6eae2dcb691d7d83935c10215aef8e6c38edee3f77abd"},
    {file = "black-24.3.0-cp38-cp38-manylinux_2_17_x86_64.manylinux2014_x86_64.whl", hash = "sha256:65b76c275e4c1c5ce6e9870911384bff5ca31ab63d19c76811cb1fb162678213"},
    {file = "black-24.3.0-cp38-cp38-win_amd64.whl", hash = "sha256:b5991d523eee14756f3c8d5df5231550ae8993e2286b8014e2fdea7156ed0959"},
    {file = "black-24.3.0-cp39-cp39-macosx_10_9_x86_64.whl", hash = "sha256:c45f8dff244b3c431b36e3224b6be4a127c6aca780853574c00faf99258041eb"},
    {file = "black-24.3.0-cp39-cp39-macosx_11_0_arm64.whl", hash = "sha256:6905238a754ceb7788a73f02b45637d820b2f5478b20fec82ea865e4f5d4d9f7"},
    {file = "black-24.3.0-cp39-cp39-manylinux_2_17_x86_64.manylinux2014_x86_64.whl", hash = "sha256:d7de8d330763c66663661a1ffd432274a2f92f07feeddd89ffd085b5744f85e7"},
    {file = "black-24.3.0-cp39-cp39-win_amd64.whl", hash = "sha256:7bb041dca0d784697af4646d3b62ba4a6b028276ae878e53f6b4f74ddd6db99f"},
    {file = "black-24.3.0-py3-none-any.whl", hash = "sha256:41622020d7120e01d377f74249e677039d20e6344ff5851de8a10f11f513bf93"},
    {file = "black-24.3.0.tar.gz", hash = "sha256:a0c9c4a0771afc6919578cec71ce82a3e31e054904e7197deacbc9382671c41f"},
]

[package.dependencies]
click = ">=8.0.0"
mypy-extensions = ">=0.4.3"
packaging = ">=22.0"
pathspec = ">=0.9.0"
platformdirs = ">=2"
tomli = {version = ">=1.1.0", markers = "python_version < \"3.11\""}
typing-extensions = {version = ">=4.0.1", markers = "python_version < \"3.11\""}

[package.extras]
colorama = ["colorama (>=0.4.3)"]
d = ["aiohttp (>=3.7.4)", "aiohttp (>=3.7.4,!=3.9.0)"]
jupyter = ["ipython (>=7.8.0)", "tokenize-rt (>=3.2.0)"]
uvloop = ["uvloop (>=0.15.2)"]

[[package]]
name = "cfgv"
version = "3.2.0"
description = "Validate configuration and produce human readable error messages."
optional = false
python-versions = ">=3.6.1"
files = [
    {file = "cfgv-3.2.0-py2.py3-none-any.whl", hash = "sha256:32e43d604bbe7896fe7c248a9c2276447dbef840feb28fe20494f62af110211d"},
    {file = "cfgv-3.2.0.tar.gz", hash = "sha256:cf22deb93d4bcf92f345a5c3cd39d3d41d6340adc60c78bbbd6588c384fda6a1"},
]

[[package]]
name = "click"
version = "8.1.7"
description = "Composable command line interface toolkit"
optional = false
python-versions = ">=3.7"
files = [
    {file = "click-8.1.7-py3-none-any.whl", hash = "sha256:ae74fb96c20a0277a1d615f1e4d73c8414f5a98db8b799a7931d1582f3390c28"},
    {file = "click-8.1.7.tar.gz", hash = "sha256:ca9853ad459e787e2192211578cc907e7594e294c7ccc834310722b41b9ca6de"},
]

[package.dependencies]
colorama = {version = "*", markers = "platform_system == \"Windows\""}

[[package]]
name = "colorama"
version = "0.4.3"
description = "Cross-platform colored terminal text."
optional = false
python-versions = ">=2.7, !=3.0.*, !=3.1.*, !=3.2.*, !=3.3.*, !=3.4.*"
files = [
    {file = "colorama-0.4.3-py2.py3-none-any.whl", hash = "sha256:7d73d2a99753107a36ac6b455ee49046802e59d9d076ef8e47b61499fa29afff"},
    {file = "colorama-0.4.3.tar.gz", hash = "sha256:e96da0d330793e2cb9485e9ddfd918d456036c7149416295932478192f4436a1"},
]

[[package]]
name = "coverage"
version = "5.2.1"
description = "Code coverage measurement for Python"
optional = false
python-versions = ">=2.7, !=3.0.*, !=3.1.*, !=3.2.*, !=3.3.*, !=3.4.*, <4"
files = [
    {file = "coverage-5.2.1-cp27-cp27m-macosx_10_13_intel.whl", hash = "sha256:40f70f81be4d34f8d491e55936904db5c527b0711b2a46513641a5729783c2e4"},
    {file = "coverage-5.2.1-cp27-cp27m-macosx_10_9_x86_64.whl", hash = "sha256:675192fca634f0df69af3493a48224f211f8db4e84452b08d5fcebb9167adb01"},
    {file = "coverage-5.2.1-cp27-cp27m-manylinux1_i686.whl", hash = "sha256:2fcc8b58953d74d199a1a4d633df8146f0ac36c4e720b4a1997e9b6327af43a8"},
    {file = "coverage-5.2.1-cp27-cp27m-manylinux1_x86_64.whl", hash = "sha256:64c4f340338c68c463f1b56e3f2f0423f7b17ba6c3febae80b81f0e093077f59"},
    {file = "coverage-5.2.1-cp27-cp27m-win32.whl", hash = "sha256:52f185ffd3291196dc1aae506b42e178a592b0b60a8610b108e6ad892cfc1bb3"},
    {file = "coverage-5.2.1-cp27-cp27m-win_amd64.whl", hash = "sha256:30bc103587e0d3df9e52cd9da1dd915265a22fad0b72afe54daf840c984b564f"},
    {file = "coverage-5.2.1-cp27-cp27mu-manylinux1_i686.whl", hash = "sha256:9ea749fd447ce7fb1ac71f7616371f04054d969d412d37611716721931e36efd"},
    {file = "coverage-5.2.1-cp27-cp27mu-manylinux1_x86_64.whl", hash = "sha256:ce7866f29d3025b5b34c2e944e66ebef0d92e4a4f2463f7266daa03a1332a651"},
    {file = "coverage-5.2.1-cp35-cp35m-macosx_10_13_x86_64.whl", hash = "sha256:4869ab1c1ed33953bb2433ce7b894a28d724b7aa76c19b11e2878034a4e4680b"},
    {file = "coverage-5.2.1-cp35-cp35m-manylinux1_i686.whl", hash = "sha256:a3ee9c793ffefe2944d3a2bd928a0e436cd0ac2d9e3723152d6fd5398838ce7d"},
    {file = "coverage-5.2.1-cp35-cp35m-manylinux1_x86_64.whl", hash = "sha256:28f42dc5172ebdc32622a2c3f7ead1b836cdbf253569ae5673f499e35db0bac3"},
    {file = "coverage-5.2.1-cp35-cp35m-win32.whl", hash = "sha256:e26c993bd4b220429d4ec8c1468eca445a4064a61c74ca08da7429af9bc53bb0"},
    {file = "coverage-5.2.1-cp35-cp35m-win_amd64.whl", hash = "sha256:4186fc95c9febeab5681bc3248553d5ec8c2999b8424d4fc3a39c9cba5796962"},
    {file = "coverage-5.2.1-cp36-cp36m-macosx_10_13_x86_64.whl", hash = "sha256:b360d8fd88d2bad01cb953d81fd2edd4be539df7bfec41e8753fe9f4456a5082"},
    {file = "coverage-5.2.1-cp36-cp36m-manylinux1_i686.whl", hash = "sha256:1adb6be0dcef0cf9434619d3b892772fdb48e793300f9d762e480e043bd8e716"},
    {file = "coverage-5.2.1-cp36-cp36m-manylinux1_x86_64.whl", hash = "sha256:098a703d913be6fbd146a8c50cc76513d726b022d170e5e98dc56d958fd592fb"},
    {file = "coverage-5.2.1-cp36-cp36m-win32.whl", hash = "sha256:962c44070c281d86398aeb8f64e1bf37816a4dfc6f4c0f114756b14fc575621d"},
    {file = "coverage-5.2.1-cp36-cp36m-win_amd64.whl", hash = "sha256:b1ed2bdb27b4c9fc87058a1cb751c4df8752002143ed393899edb82b131e0546"},
    {file = "coverage-5.2.1-cp37-cp37m-macosx_10_13_x86_64.whl", hash = "sha256:c890728a93fffd0407d7d37c1e6083ff3f9f211c83b4316fae3778417eab9811"},
    {file = "coverage-5.2.1-cp37-cp37m-manylinux1_i686.whl", hash = "sha256:538f2fd5eb64366f37c97fdb3077d665fa946d2b6d95447622292f38407f9258"},
    {file = "coverage-5.2.1-cp37-cp37m-manylinux1_x86_64.whl", hash = "sha256:27ca5a2bc04d68f0776f2cdcb8bbd508bbe430a7bf9c02315cd05fb1d86d0034"},
    {file = "coverage-5.2.1-cp37-cp37m-win32.whl", hash = "sha256:aab75d99f3f2874733946a7648ce87a50019eb90baef931698f96b76b6769a46"},
    {file = "coverage-5.2.1-cp37-cp37m-win_amd64.whl", hash = "sha256:c2ff24df02a125b7b346c4c9078c8936da06964cc2d276292c357d64378158f8"},
    {file = "coverage-5.2.1-cp38-cp38-macosx_10_9_x86_64.whl", hash = "sha256:304fbe451698373dc6653772c72c5d5e883a4aadaf20343592a7abb2e643dae0"},
    {file = "coverage-5.2.1-cp38-cp38-manylinux1_i686.whl", hash = "sha256:c96472b8ca5dc135fb0aa62f79b033f02aa434fb03a8b190600a5ae4102df1fd"},
    {file = "coverage-5.2.1-cp38-cp38-manylinux1_x86_64.whl", hash = "sha256:8505e614c983834239f865da2dd336dcf9d72776b951d5dfa5ac36b987726e1b"},
    {file = "coverage-5.2.1-cp38-cp38-win32.whl", hash = "sha256:700997b77cfab016533b3e7dbc03b71d33ee4df1d79f2463a318ca0263fc29dd"},
    {file = "coverage-5.2.1-cp38-cp38-win_amd64.whl", hash = "sha256:46794c815e56f1431c66d81943fa90721bb858375fb36e5903697d5eef88627d"},
    {file = "coverage-5.2.1-cp39-cp39-macosx_10_13_x86_64.whl", hash = "sha256:16042dc7f8e632e0dcd5206a5095ebd18cb1d005f4c89694f7f8aafd96dd43a3"},
    {file = "coverage-5.2.1-cp39-cp39-manylinux1_i686.whl", hash = "sha256:c1bbb628ed5192124889b51204de27c575b3ffc05a5a91307e7640eff1d48da4"},
    {file = "coverage-5.2.1-cp39-cp39-manylinux1_x86_64.whl", hash = "sha256:4f6428b55d2916a69f8d6453e48a505c07b2245653b0aa9f0dee38785939f5e4"},
    {file = "coverage-5.2.1-cp39-cp39-win32.whl", hash = "sha256:9e536783a5acee79a9b308be97d3952b662748c4037b6a24cbb339dc7ed8eb89"},
    {file = "coverage-5.2.1-cp39-cp39-win_amd64.whl", hash = "sha256:b8f58c7db64d8f27078cbf2a4391af6aa4e4767cc08b37555c4ae064b8558d9b"},
    {file = "coverage-5.2.1.tar.gz", hash = "sha256:a34cb28e0747ea15e82d13e14de606747e9e484fb28d63c999483f5d5188e89b"},
]

[package.extras]
toml = ["toml"]

[[package]]
name = "distlib"
version = "0.3.1"
description = "Distribution utilities"
optional = false
python-versions = "*"
files = [
    {file = "distlib-0.3.1-py2.py3-none-any.whl", hash = "sha256:8c09de2c67b3e7deef7184574fc060ab8a793e7adbb183d942c389c8b13c52fb"},
    {file = "distlib-0.3.1.zip", hash = "sha256:edf6116872c863e1aa9d5bb7cb5e05a022c519a4594dc703843343a9ddd9bff1"},
]

[[package]]
name = "filelock"
version = "3.0.12"
description = "A platform independent file lock."
optional = false
python-versions = "*"
files = [
    {file = "filelock-3.0.12-py3-none-any.whl", hash = "sha256:929b7d63ec5b7d6b71b0fa5ac14e030b3f70b75747cef1b10da9b879fef15836"},
    {file = "filelock-3.0.12.tar.gz", hash = "sha256:18d82244ee114f543149c66a6e0c14e9c4f8a1044b5cdaadd0f82159d6a6ff59"},
]

[[package]]
name = "identify"
version = "1.4.25"
description = "File identification library for Python"
optional = false
python-versions = "!=3.0.*,!=3.1.*,!=3.2.*,!=3.3.*,>=2.7"
files = [
    {file = "identify-1.4.25-py2.py3-none-any.whl", hash = "sha256:ccd88716b890ecbe10920659450a635d2d25de499b9a638525a48b48261d989b"},
    {file = "identify-1.4.25.tar.gz", hash = "sha256:110ed090fec6bce1aabe3c72d9258a9de82207adeaa5a05cd75c635880312f9a"},
]

[package.extras]
license = ["editdistance"]

[[package]]
name = "more-itertools"
version = "8.4.0"
description = "More routines for operating on iterables, beyond itertools"
optional = false
python-versions = ">=3.5"
files = [
    {file = "more-itertools-8.4.0.tar.gz", hash = "sha256:68c70cc7167bdf5c7c9d8f6954a7837089c6a36bf565383919bb595efb8a17e5"},
    {file = "more_itertools-8.4.0-py3-none-any.whl", hash = "sha256:b78134b2063dd214000685165d81c154522c3ee0a1c0d4d113c80361c234c5a2"},
]

[[package]]
name = "mypy-extensions"
version = "1.0.0"
description = "Type system extensions for programs checked with the mypy type checker."
optional = false
python-versions = ">=3.5"
files = [
    {file = "mypy_extensions-1.0.0-py3-none-any.whl", hash = "sha256:4392f6c0eb8a5668a69e23d168ffa70f0be9ccfd32b5cc2d26a34ae5b844552d"},
    {file = "mypy_extensions-1.0.0.tar.gz", hash = "sha256:75dbf8955dc00442a438fc4d0666508a9a97b6bd41aa2f0ffe9d2f2725af0782"},
]

[[package]]
name = "nodeenv"
version = "1.4.0"
description = "Node.js virtual environment builder"
optional = false
python-versions = "*"
files = [
    {file = "nodeenv-1.4.0-py2.py3-none-any.whl", hash = "sha256:4b0b77afa3ba9b54f4b6396e60b0c83f59eaeb2d63dc3cc7a70f7f4af96c82bc"},
    {file = "nodeenv-1.4.0.tar.gz", hash = "sha256:26941644654d8dd5378720e38f62a3bac5f9240811fb3b8913d2663a17baa91c"},
]

[[package]]
name = "packaging"
version = "24.0"
description = "Core utilities for Python packages"
optional = false
python-versions = ">=3.7"
files = [
    {file = "packaging-24.0-py3-none-any.whl", hash = "sha256:2ddfb553fdf02fb784c234c7ba6ccc288296ceabec964ad2eae3777778130bc5"},
    {file = "packaging-24.0.tar.gz", hash = "sha256:eb82c5e3e56209074766e6885bb04b8c38a0c015d0a30036ebe7ece34c9989e9"},
]

[[package]]
name = "pathspec"
version = "0.12.1"
description = "Utility library for gitignore style pattern matching of file paths."
optional = false
python-versions = ">=3.8"
files = [
    {file = "pathspec-0.12.1-py3-none-any.whl", hash = "sha256:a0d503e138a4c123b27490a4f7beda6a01c6f288df0e4a8b79c7eb0dc7b4cc08"},
    {file = "pathspec-0.12.1.tar.gz", hash = "sha256:a482d51503a1ab33b1c67a6c3813a26953dbdc71c31dacaef9a838c4e29f5712"},
]

[[package]]
name = "platformdirs"
version = "4.2.0"
description = "A small Python package for determining appropriate platform-specific dirs, e.g. a \"user data dir\"."
optional = false
python-versions = ">=3.8"
files = [
    {file = "platformdirs-4.2.0-py3-none-any.whl", hash = "sha256:0614df2a2f37e1a662acbd8e2b25b92ccf8632929bc6d43467e17fe89c75e068"},
    {file = "platformdirs-4.2.0.tar.gz", hash = "sha256:ef0cc731df711022c174543cb70a9b5bd22e5a9337c8624ef2c2ceb8ddad8768"},
]

[package.extras]
docs = ["furo (>=2023.9.10)", "proselint (>=0.13)", "sphinx (>=7.2.6)", "sphinx-autodoc-typehints (>=1.25.2)"]
test = ["appdirs (==1.4.4)", "covdefaults (>=2.3)", "pytest (>=7.4.3)", "pytest-cov (>=4.1)", "pytest-mock (>=3.12)"]

[[package]]
name = "pluggy"
version = "0.13.1"
description = "plugin and hook calling mechanisms for python"
optional = false
python-versions = ">=2.7, !=3.0.*, !=3.1.*, !=3.2.*, !=3.3.*"
files = [
    {file = "pluggy-0.13.1-py2.py3-none-any.whl", hash = "sha256:966c145cd83c96502c3c3868f50408687b38434af77734af1e9ca461a4081d2d"},
    {file = "pluggy-0.13.1.tar.gz", hash = "sha256:15b2acde666561e1298d71b523007ed7364de07029219b604cf808bfa1c765b0"},
]

[package.extras]
dev = ["pre-commit", "tox"]

[[package]]
name = "pre-commit"
version = "2.6.0"
description = "A framework for managing and maintaining multi-language pre-commit hooks."
optional = false
python-versions = ">=3.6.1"
files = [
    {file = "pre_commit-2.6.0-py2.py3-none-any.whl", hash = "sha256:e8b1315c585052e729ab7e99dcca5698266bedce9067d21dc909c23e3ceed626"},
    {file = "pre_commit-2.6.0.tar.gz", hash = "sha256:1657663fdd63a321a4a739915d7d03baedd555b25054449090f97bb0cb30a915"},
]

[package.dependencies]
cfgv = ">=2.0.0"
identify = ">=1.0.0"
nodeenv = ">=0.11.1"
pyyaml = ">=5.1"
toml = "*"
virtualenv = ">=20.0.8"

[[package]]
name = "py"
version = "1.9.0"
description = "library with cross-python path, ini-parsing, io, code, log facilities"
optional = false
python-versions = ">=2.7, !=3.0.*, !=3.1.*, !=3.2.*, !=3.3.*"
files = [
    {file = "py-1.9.0-py2.py3-none-any.whl", hash = "sha256:366389d1db726cd2fcfc79732e75410e5fe4d31db13692115529d34069a043c2"},
    {file = "py-1.9.0.tar.gz", hash = "sha256:9ca6883ce56b4e8da7e79ac18787889fa5206c79dcc67fb065376cd2fe03f342"},
]

[[package]]
name = "pytest"
version = "5.4.3"
description = "pytest: simple powerful testing with Python"
optional = false
python-versions = ">=3.5"
files = [
    {file = "pytest-5.4.3-py3-none-any.whl", hash = "sha256:5c0db86b698e8f170ba4582a492248919255fcd4c79b1ee64ace34301fb589a1"},
    {file = "pytest-5.4.3.tar.gz", hash = "sha256:7979331bfcba207414f5e1263b5a0f8f521d0f457318836a7355531ed1a4c7d8"},
]

[package.dependencies]
atomicwrites = {version = ">=1.0", markers = "sys_platform == \"win32\""}
attrs = ">=17.4.0"
colorama = {version = "*", markers = "sys_platform == \"win32\""}
more-itertools = ">=4.0.0"
packaging = "*"
pluggy = ">=0.12,<1.0"
py = ">=1.5.0"
wcwidth = "*"

[package.extras]
checkqa-mypy = ["mypy (==v0.761)"]
testing = ["argcomplete", "hypothesis (>=3.56)", "mock", "nose", "requests", "xmlschema"]

[[package]]
name = "pytest-cov"
version = "2.10.0"
description = "Pytest plugin for measuring coverage."
optional = false
python-versions = ">=2.7, !=3.0.*, !=3.1.*, !=3.2.*, !=3.3.*, !=3.4.*"
files = [
    {file = "pytest-cov-2.10.0.tar.gz", hash = "sha256:1a629dc9f48e53512fcbfda6b07de490c374b0c83c55ff7a1720b3fccff0ac87"},
    {file = "pytest_cov-2.10.0-py2.py3-none-any.whl", hash = "sha256:6e6d18092dce6fad667cd7020deed816f858ad3b49d5b5e2b1cc1c97a4dba65c"},
]

[package.dependencies]
coverage = ">=4.4"
pytest = ">=4.6"

[package.extras]
testing = ["fields", "hunter", "process-tests (==2.0.2)", "pytest-xdist", "six", "virtualenv"]

[[package]]
name = "pyyaml"
version = "5.3.1"
description = "YAML parser and emitter for Python"
optional = false
python-versions = "*"
files = [
    {file = "PyYAML-5.3.1-cp27-cp27m-win32.whl", hash = "sha256:74809a57b329d6cc0fdccee6318f44b9b8649961fa73144a98735b0aaf029f1f"},
    {file = "PyYAML-5.3.1-cp27-cp27m-win_amd64.whl", hash = "sha256:240097ff019d7c70a4922b6869d8a86407758333f02203e0fc6ff79c5dcede76"},
    {file = "PyYAML-5.3.1-cp35-cp35m-win32.whl", hash = "sha256:4f4b913ca1a7319b33cfb1369e91e50354d6f07a135f3b901aca02aa95940bd2"},
    {file = "PyYAML-5.3.1-cp35-cp35m-win_amd64.whl", hash = "sha256:cc8955cfbfc7a115fa81d85284ee61147059a753344bc51098f3ccd69b0d7e0c"},
    {file = "PyYAML-5.3.1-cp36-cp36m-win32.whl", hash = "sha256:7739fc0fa8205b3ee8808aea45e968bc90082c10aef6ea95e855e10abf4a37b2"},
    {file = "PyYAML-5.3.1-cp36-cp36m-win_amd64.whl", hash = "sha256:69f00dca373f240f842b2931fb2c7e14ddbacd1397d57157a9b005a6a9942648"},
    {file = "PyYAML-5.3.1-cp37-cp37m-win32.whl", hash = "sha256:d13155f591e6fcc1ec3b30685d50bf0711574e2c0dfffd7644babf8b5102ca1a"},
    {file = "PyYAML-5.3.1-cp37-cp37m-win_amd64.whl", hash = "sha256:73f099454b799e05e5ab51423c7bcf361c58d3206fa7b0d555426b1f4d9a3eaf"},
    {file = "PyYAML-5.3.1-cp38-cp38-win32.whl", hash = "sha256:06a0d7ba600ce0b2d2fe2e78453a470b5a6e000a985dd4a4e54e436cc36b0e97"},
    {file = "PyYAML-5.3.1-cp38-cp38-win_amd64.whl", hash = "sha256:95f71d2af0ff4227885f7a6605c37fd53d3a106fcab511b8860ecca9fcf400ee"},
    {file = "PyYAML-5.3.1-cp39-cp39-win32.whl", hash = "sha256:ad9c67312c84def58f3c04504727ca879cb0013b2517c85a9a253f0cb6380c0a"},
    {file = "PyYAML-5.3.1-cp39-cp39-win_amd64.whl", hash = "sha256:6034f55dab5fea9e53f436aa68fa3ace2634918e8b5994d82f3621c04ff5ed2e"},
    {file = "PyYAML-5.3.1.tar.gz", hash = "sha256:b8eac752c5e14d3eca0e6dd9199cd627518cb5ec06add0de9d32baeee6fe645d"},
]

[[package]]
name = "six"
version = "1.15.0"
description = "Python 2 and 3 compatibility utilities"
optional = false
python-versions = ">=2.7, !=3.0.*, !=3.1.*, !=3.2.*"
files = [
    {file = "six-1.15.0-py2.py3-none-any.whl", hash = "sha256:8b74bedcbbbaca38ff6d7491d76f2b06b3592611af620f8426e82dddb04a5ced"},
    {file = "six-1.15.0.tar.gz", hash = "sha256:30639c035cdb23534cd4aa2dd52c3bf48f06e5f4a941509c8bafd8ce11080259"},
]

[[package]]
name = "toml"
version = "0.10.1"
description = "Python Library for Tom's Obvious, Minimal Language"
optional = false
python-versions = "*"
files = [
    {file = "toml-0.10.1-py2.py3-none-any.whl", hash = "sha256:bda89d5935c2eac546d648028b9901107a595863cb36bae0c73ac804a9b4ce88"},
    {file = "toml-0.10.1.tar.gz", hash = "sha256:926b612be1e5ce0634a2ca03470f95169cf16f939018233a670519cb4ac58b0f"},
]

[[package]]
name = "tomli"
version = "2.0.1"
description = "A lil' TOML parser"
optional = false
python-versions = ">=3.7"
files = [
    {file = "tomli-2.0.1-py3-none-any.whl", hash = "sha256:939de3e7a6161af0c887ef91b7d41a53e7c5a1ca976325f429cb46ea9bc30ecc"},
    {file = "tomli-2.0.1.tar.gz", hash = "sha256:de526c12914f0c550d15924c62d72abc48d6fe7364aa87328337a31007fe8a4f"},
]

[[package]]
name = "typing-extensions"
version = "4.10.0"
description = "Backported and Experimental Type Hints for Python 3.8+"
optional = false
python-versions = ">=3.8"
files = [
    {file = "typing_extensions-4.10.0-py3-none-any.whl", hash = "sha256:69b1a937c3a517342112fb4c6df7e72fc39a38e7891a5730ed4985b5214b5475"},
    {file = "typing_extensions-4.10.0.tar.gz", hash = "sha256:b0abd7c89e8fb96f98db18d86106ff1d90ab692004eb746cf6eda2682f91b3cb"},
]

[[package]]
name = "virtualenv"
version = "20.0.29"
description = "Virtual Python Environment builder"
optional = false
python-versions = "!=3.0.*,!=3.1.*,!=3.2.*,!=3.3.*,>=2.7"
files = [
    {file = "virtualenv-20.0.29-py2.py3-none-any.whl", hash = "sha256:8aa9c37b082664dbce2236fa420759c02d64109d8e6013593ad13914718a30fd"},
    {file = "virtualenv-20.0.29.tar.gz", hash = "sha256:f14a0a98ea4397f0d926cff950361766b6a73cd5975ae7eb259d12919f819a25"},
]

[package.dependencies]
appdirs = ">=1.4.3,<2"
distlib = ">=0.3.1,<1"
filelock = ">=3.0.0,<4"
six = ">=1.9.0,<2"

[package.extras]
docs = ["proselint (>=0.10.2)", "sphinx (>=3)", "sphinx-argparse (>=0.2.5)", "sphinx-rtd-theme (>=0.4.3)", "towncrier (>=19.9.0rc1)"]
testing = ["coverage (>=5)", "coverage-enable-subprocess (>=1)", "flaky (>=3)", "packaging (>=20.0)", "pytest (>=4)", "pytest-env (>=0.6.2)", "pytest-freezegun (>=0.4.1)", "pytest-mock (>=2)", "pytest-randomly (>=1)", "pytest-timeout (>=1)", "pytest-xdist (>=1.31.0)", "xonsh (>=0.9.16)"]

[[package]]
name = "wcwidth"
version = "0.2.5"
description = "Measures the displayed width of unicode strings in a terminal"
optional = false
python-versions = "*"
files = [
    {file = "wcwidth-0.2.5-py2.py3-none-any.whl", hash = "sha256:beb4802a9cebb9144e99086eff703a642a13d6a0052920003a230f3294bbe784"},
    {file = "wcwidth-0.2.5.tar.gz", hash = "sha256:c4d647b99872929fdb7bdcaa4fbe7f01413ed3d98077df798530e5b04f116c83"},
]

[metadata]
lock-version = "2.0"
python-versions = "^3.8"
content-hash = "c2dde6cff2c6eb5ee6a40bc4010102d702e305164da2d759d46b0c7b9d3ed779"
